
Microsoft Visual Studio Solution File, Format Version 12.00
# Visual Studio Version 16
VisualStudioVersion = 16.0.31410.357
MinimumVisualStudioVersion = 10.0.40219.1
Project("{8BC9CEB8-8B4A-11D0-8D11-00A0C91BC942}") = "Terms09_NerverCallVirDuringCons", "Terms09_NerverCallVirDuringCons\Terms09_NerverCallVirDuringCons.vcxproj", "{8EAC3DE6-5EB1-4E76-84BC-07A171883A15}"
EndProject
Project("{8BC9CEB8-8B4A-11D0-8D11-00A0C91BC942}") = "Common", "Common\Common.vcxproj", "{60B61F3C-D2A1-48D1-A611-161E8B02D45C}"
EndProject
Project("{8BC9CEB8-8B4A-11D0-8D11-00A0C91BC942}") = "Terms10_AssignmentOperator", "Terms10_AssignmentOperator\Terms10_AssignmentOperator.vcxproj", "{B3C94674-16F5-4076-94B1-2856B9EADCB2}"
EndProject
Project("{8BC9CEB8-8B4A-11D0-8D11-00A0C91BC942}") = "TryCatchDemo", "TryCatchDemo\TryCatchDemo.vcxproj", "{0F89A31F-663F-41E7-9AC8-F4A732821C36}"
EndProject
Project("{8BC9CEB8-8B4A-11D0-8D11-00A0C91BC942}") = "Terms11_HandleAssignmentSelf", "Terms11_HandleAssignmentSelf\Terms11_HandleAssignmentSelf.vcxproj", "{5DB62781-E953-491D-9340-A1B373F1EE3A}"
EndProject
Project("{8BC9CEB8-8B4A-11D0-8D11-00A0C91BC942}") = "Terms12_CopyingEveryOne", "Terms12_CopyingEveryOne\Terms12_CopyingEveryOne.vcxproj", "{636BEB05-86F9-4A77-AA44-291AB94A496A}"
EndProject
Global
	GlobalSection(SolutionConfigurationPlatforms) = preSolution
		Debug|x64 = Debug|x64
		Debug|x86 = Debug|x86
		Normal_Debug|x64 = Normal_Debug|x64
		Normal_Debug|x86 = Normal_Debug|x86
		Release|x64 = Release|x64
		Release|x86 = Release|x86
		SameTest_Debug|x64 = SameTest_Debug|x64
		SameTest_Debug|x86 = SameTest_Debug|x86
		Swap_Debug|x64 = Swap_Debug|x64
		Swap_Debug|x86 = Swap_Debug|x86
	EndGlobalSection
	GlobalSection(ProjectConfigurationPlatforms) = postSolution
		{8EAC3DE6-5EB1-4E76-84BC-07A171883A15}.Debug|x64.ActiveCfg = Debug|x64
		{8EAC3DE6-5EB1-4E76-84BC-07A171883A15}.Debug|x64.Build.0 = Debug|x64
		{8EAC3DE6-5EB1-4E76-84BC-07A171883A15}.Debug|x86.ActiveCfg = Debug|Win32
		{8EAC3DE6-5EB1-4E76-84BC-07A171883A15}.Debug|x86.Build.0 = Debug|Win32
		{8EAC3DE6-5EB1-4E76-84BC-07A171883A15}.Normal_Debug|x64.ActiveCfg = Debug|x64
		{8EAC3DE6-5EB1-4E76-84BC-07A171883A15}.Normal_Debug|x64.Build.0 = Debug|x64
		{8EAC3DE6-5EB1-4E76-84BC-07A171883A15}.Normal_Debug|x86.ActiveCfg = Debug|Win32
		{8EAC3DE6-5EB1-4E76-84BC-07A171883A15}.Normal_Debug|x86.Build.0 = Debug|Win32
		{8EAC3DE6-5EB1-4E76-84BC-07A171883A15}.Release|x64.ActiveCfg = Release|x64
		{8EAC3DE6-5EB1-4E76-84BC-07A171883A15}.Release|x64.Build.0 = Release|x64
		{8EAC3DE6-5EB1-4E76-84BC-07A171883A15}.Release|x86.ActiveCfg = Release|Win32
		{8EAC3DE6-5EB1-4E76-84BC-07A171883A15}.Release|x86.Build.0 = Release|Win32
		{8EAC3DE6-5EB1-4E76-84BC-07A171883A15}.SameTest_Debug|x64.ActiveCfg = Debug|x64
		{8EAC3DE6-5EB1-4E76-84BC-07A171883A15}.SameTest_Debug|x64.Build.0 = Debug|x64
		{8EAC3DE6-5EB1-4E76-84BC-07A171883A15}.SameTest_Debug|x86.ActiveCfg = Debug|Win32
		{8EAC3DE6-5EB1-4E76-84BC-07A171883A15}.SameTest_Debug|x86.Build.0 = Debug|Win32
		{8EAC3DE6-5EB1-4E76-84BC-07A171883A15}.Swap_Debug|x64.ActiveCfg = Debug|x64
		{8EAC3DE6-5EB1-4E76-84BC-07A171883A15}.Swap_Debug|x64.Build.0 = Debug|x64
		{8EAC3DE6-5EB1-4E76-84BC-07A171883A15}.Swap_Debug|x86.ActiveCfg = Debug|Win32
		{8EAC3DE6-5EB1-4E76-84BC-07A171883A15}.Swap_Debug|x86.Build.0 = Debug|Win32
		{60B61F3C-D2A1-48D1-A611-161E8B02D45C}.Debug|x64.ActiveCfg = Debug|x64
		{60B61F3C-D2A1-48D1-A611-161E8B02D45C}.Debug|x64.Build.0 = Debug|x64
		{60B61F3C-D2A1-48D1-A611-161E8B02D45C}.Debug|x86.ActiveCfg = Debug|Win32
		{60B61F3C-D2A1-48D1-A611-161E8B02D45C}.Debug|x86.Build.0 = Debug|Win32
		{60B61F3C-D2A1-48D1-A611-161E8B02D45C}.Normal_Debug|x64.ActiveCfg = Debug|x64
		{60B61F3C-D2A1-48D1-A611-161E8B02D45C}.Normal_Debug|x64.Build.0 = Debug|x64
		{60B61F3C-D2A1-48D1-A611-161E8B02D45C}.Normal_Debug|x86.ActiveCfg = Debug|Win32
		{60B61F3C-D2A1-48D1-A611-161E8B02D45C}.Normal_Debug|x86.Build.0 = Debug|Win32
		{60B61F3C-D2A1-48D1-A611-161E8B02D45C}.Release|x64.ActiveCfg = Release|x64
		{60B61F3C-D2A1-48D1-A611-161E8B02D45C}.Release|x64.Build.0 = Release|x64
		{60B61F3C-D2A1-48D1-A611-161E8B02D45C}.Release|x86.ActiveCfg = Release|Win32
		{60B61F3C-D2A1-48D1-A611-161E8B02D45C}.Release|x86.Build.0 = Release|Win32
		{60B61F3C-D2A1-48D1-A611-161E8B02D45C}.SameTest_Debug|x64.ActiveCfg = Debug|x64
		{60B61F3C-D2A1-48D1-A611-161E8B02D45C}.SameTest_Debug|x64.Build.0 = Debug|x64
		{60B61F3C-D2A1-48D1-A611-161E8B02D45C}.SameTest_Debug|x86.ActiveCfg = Debug|Win32
		{60B61F3C-D2A1-48D1-A611-161E8B02D45C}.SameTest_Debug|x86.Build.0 = Debug|Win32
		{60B61F3C-D2A1-48D1-A611-161E8B02D45C}.Swap_Debug|x64.ActiveCfg = Debug|x64
		{60B61F3C-D2A1-48D1-A611-161E8B02D45C}.Swap_Debug|x64.Build.0 = Debug|x64
		{60B61F3C-D2A1-48D1-A611-161E8B02D45C}.Swap_Debug|x86.ActiveCfg = Debug|Win32
		{60B61F3C-D2A1-48D1-A611-161E8B02D45C}.Swap_Debug|x86.Build.0 = Debug|Win32
		{B3C94674-16F5-4076-94B1-2856B9EADCB2}.Debug|x64.ActiveCfg = Debug|x64
		{B3C94674-16F5-4076-94B1-2856B9EADCB2}.Debug|x64.Build.0 = Debug|x64
		{B3C94674-16F5-4076-94B1-2856B9EADCB2}.Debug|x86.ActiveCfg = Debug|Win32
		{B3C94674-16F5-4076-94B1-2856B9EADCB2}.Debug|x86.Build.0 = Debug|Win32
		{B3C94674-16F5-4076-94B1-2856B9EADCB2}.Normal_Debug|x64.ActiveCfg = Debug|x64
		{B3C94674-16F5-4076-94B1-2856B9EADCB2}.Normal_Debug|x64.Build.0 = Debug|x64
		{B3C94674-16F5-4076-94B1-2856B9EADCB2}.Normal_Debug|x86.ActiveCfg = Debug|Win32
		{B3C94674-16F5-4076-94B1-2856B9EADCB2}.Normal_Debug|x86.Build.0 = Debug|Win32
		{B3C94674-16F5-4076-94B1-2856B9EADCB2}.Release|x64.ActiveCfg = Release|x64
		{B3C94674-16F5-4076-94B1-2856B9EADCB2}.Release|x64.Build.0 = Release|x64
		{B3C94674-16F5-4076-94B1-2856B9EADCB2}.Release|x86.ActiveCfg = Release|Win32
		{B3C94674-16F5-4076-94B1-2856B9EADCB2}.Release|x86.Build.0 = Release|Win32
		{B3C94674-16F5-4076-94B1-2856B9EADCB2}.SameTest_Debug|x64.ActiveCfg = Debug|x64
		{B3C94674-16F5-4076-94B1-2856B9EADCB2}.SameTest_Debug|x64.Build.0 = Debug|x64
		{B3C94674-16F5-4076-94B1-2856B9EADCB2}.SameTest_Debug|x86.ActiveCfg = Debug|Win32
		{B3C94674-16F5-4076-94B1-2856B9EADCB2}.SameTest_Debug|x86.Build.0 = Debug|Win32
		{B3C94674-16F5-4076-94B1-2856B9EADCB2}.Swap_Debug|x64.ActiveCfg = Debug|x64
		{B3C94674-16F5-4076-94B1-2856B9EADCB2}.Swap_Debug|x64.Build.0 = Debug|x64
		{B3C94674-16F5-4076-94B1-2856B9EADCB2}.Swap_Debug|x86.ActiveCfg = Debug|Win32
		{B3C94674-16F5-4076-94B1-2856B9EADCB2}.Swap_Debug|x86.Build.0 = Debug|Win32
		{0F89A31F-663F-41E7-9AC8-F4A732821C36}.Debug|x64.ActiveCfg = Debug|x64
		{0F89A31F-663F-41E7-9AC8-F4A732821C36}.Debug|x64.Build.0 = Debug|x64
		{0F89A31F-663F-41E7-9AC8-F4A732821C36}.Debug|x86.ActiveCfg = Debug|Win32
		{0F89A31F-663F-41E7-9AC8-F4A732821C36}.Debug|x86.Build.0 = Debug|Win32
		{0F89A31F-663F-41E7-9AC8-F4A732821C36}.Normal_Debug|x64.ActiveCfg = Debug|x64
		{0F89A31F-663F-41E7-9AC8-F4A732821C36}.Normal_Debug|x64.Build.0 = Debug|x64
		{0F89A31F-663F-41E7-9AC8-F4A732821C36}.Normal_Debug|x86.ActiveCfg = Debug|Win32
		{0F89A31F-663F-41E7-9AC8-F4A732821C36}.Normal_Debug|x86.Build.0 = Debug|Win32
		{0F89A31F-663F-41E7-9AC8-F4A732821C36}.Release|x64.ActiveCfg = Release|x64
		{0F89A31F-663F-41E7-9AC8-F4A732821C36}.Release|x64.Build.0 = Release|x64
		{0F89A31F-663F-41E7-9AC8-F4A732821C36}.Release|x86.ActiveCfg = Release|Win32
		{0F89A31F-663F-41E7-9AC8-F4A732821C36}.Release|x86.Build.0 = Release|Win32
		{0F89A31F-663F-41E7-9AC8-F4A732821C36}.SameTest_Debug|x64.ActiveCfg = Debug|x64
		{0F89A31F-663F-41E7-9AC8-F4A732821C36}.SameTest_Debug|x64.Build.0 = Debug|x64
		{0F89A31F-663F-41E7-9AC8-F4A732821C36}.SameTest_Debug|x86.ActiveCfg = Debug|Win32
		{0F89A31F-663F-41E7-9AC8-F4A732821C36}.SameTest_Debug|x86.Build.0 = Debug|Win32
		{0F89A31F-663F-41E7-9AC8-F4A732821C36}.Swap_Debug|x64.ActiveCfg = Debug|x64
		{0F89A31F-663F-41E7-9AC8-F4A732821C36}.Swap_Debug|x64.Build.0 = Debug|x64
		{0F89A31F-663F-41E7-9AC8-F4A732821C36}.Swap_Debug|x86.ActiveCfg = Debug|Win32
		{0F89A31F-663F-41E7-9AC8-F4A732821C36}.Swap_Debug|x86.Build.0 = Debug|Win32
		{5DB62781-E953-491D-9340-A1B373F1EE3A}.Debug|x64.ActiveCfg = Debug|x64
		{5DB62781-E953-491D-9340-A1B373F1EE3A}.Debug|x64.Build.0 = Debug|x64
		{5DB62781-E953-491D-9340-A1B373F1EE3A}.Debug|x86.ActiveCfg = Normal_Debug|Win32
		{5DB62781-E953-491D-9340-A1B373F1EE3A}.Debug|x86.Build.0 = Normal_Debug|Win32
		{5DB62781-E953-491D-9340-A1B373F1EE3A}.Normal_Debug|x64.ActiveCfg = Normal_Debug|x64
		{5DB62781-E953-491D-9340-A1B373F1EE3A}.Normal_Debug|x64.Build.0 = Normal_Debug|x64
		{5DB62781-E953-491D-9340-A1B373F1EE3A}.Normal_Debug|x86.ActiveCfg = Normal_Debug|Win32
		{5DB62781-E953-491D-9340-A1B373F1EE3A}.Normal_Debug|x86.Build.0 = Normal_Debug|Win32
		{5DB62781-E953-491D-9340-A1B373F1EE3A}.Release|x64.ActiveCfg = Release|x64
		{5DB62781-E953-491D-9340-A1B373F1EE3A}.Release|x64.Build.0 = Release|x64
		{5DB62781-E953-491D-9340-A1B373F1EE3A}.Release|x86.ActiveCfg = Release|Win32
		{5DB62781-E953-491D-9340-A1B373F1EE3A}.Release|x86.Build.0 = Release|Win32
		{5DB62781-E953-491D-9340-A1B373F1EE3A}.SameTest_Debug|x64.ActiveCfg = SameTest_Debug|x64
		{5DB62781-E953-491D-9340-A1B373F1EE3A}.SameTest_Debug|x64.Build.0 = SameTest_Debug|x64
		{5DB62781-E953-491D-9340-A1B373F1EE3A}.SameTest_Debug|x86.ActiveCfg = SameTest_Debug|Win32
		{5DB62781-E953-491D-9340-A1B373F1EE3A}.SameTest_Debug|x86.Build.0 = SameTest_Debug|Win32
		{5DB62781-E953-491D-9340-A1B373F1EE3A}.Swap_Debug|x64.ActiveCfg = Swap_Debug|x64
		{5DB62781-E953-491D-9340-A1B373F1EE3A}.Swap_Debug|x64.Build.0 = Swap_Debug|x64
		{5DB62781-E953-491D-9340-A1B373F1EE3A}.Swap_Debug|x86.ActiveCfg = Swap_Debug|Win32
		{5DB62781-E953-491D-9340-A1B373F1EE3A}.Swap_Debug|x86.Build.0 = Swap_Debug|Win32
		{636BEB05-86F9-4A77-AA44-291AB94A496A}.Debug|x64.ActiveCfg = Debug|x64
		{636BEB05-86F9-4A77-AA44-291AB94A496A}.Debug|x64.Build.0 = Debug|x64
		{636BEB05-86F9-4A77-AA44-291AB94A496A}.Debug|x86.ActiveCfg = Debug|Win32
		{636BEB05-86F9-4A77-AA44-291AB94A496A}.Debug|x86.Build.0 = Debug|Win32
		{636BEB05-86F9-4A77-AA44-291AB94A496A}.Normal_Debug|x64.ActiveCfg = Debug|x64
		{636BEB05-86F9-4A77-AA44-291AB94A496A}.Normal_Debug|x64.Build.0 = Debug|x64
		{636BEB05-86F9-4A77-AA44-291AB94A496A}.Normal_Debug|x86.ActiveCfg = Debug|Win32
		{636BEB05-86F9-4A77-AA44-291AB94A496A}.Normal_Debug|x86.Build.0 = Debug|Win32
		{636BEB05-86F9-4A77-AA44-291AB94A496A}.Release|x64.ActiveCfg = Release|x64
		{636BEB05-86F9-4A77-AA44-291AB94A496A}.Release|x64.Build.0 = Release|x64
		{636BEB05-86F9-4A77-AA44-291AB94A496A}.Release|x86.ActiveCfg = Release|Win32
		{636BEB05-86F9-4A77-AA44-291AB94A496A}.Release|x86.Build.0 = Release|Win32
		{636BEB05-86F9-4A77-AA44-291AB94A496A}.SameTest_Debug|x64.ActiveCfg = Debug|x64
		{636BEB05-86F9-4A77-AA44-291AB94A496A}.SameTest_Debug|x64.Build.0 = Debug|x64
		{636BEB05-86F9-4A77-AA44-291AB94A496A}.SameTest_Debug|x86.ActiveCfg = Debug|Win32
		{636BEB05-86F9-4A77-AA44-291AB94A496A}.SameTest_Debug|x86.Build.0 = Debug|Win32
		{636BEB05-86F9-4A77-AA44-291AB94A496A}.Swap_Debug|x64.ActiveCfg = Debug|x64
		{636BEB05-86F9-4A77-AA44-291AB94A496A}.Swap_Debug|x64.Build.0 = Debug|x64
		{636BEB05-86F9-4A77-AA44-291AB94A496A}.Swap_Debug|x86.ActiveCfg = Debug|Win32
		{636BEB05-86F9-4A77-AA44-291AB94A496A}.Swap_Debug|x86.Build.0 = Debug|Win32
	EndGlobalSection
	GlobalSection(SolutionProperties) = preSolution
		HideSolutionNode = FALSE
	EndGlobalSection
	GlobalSection(ExtensibilityGlobals) = postSolution
		SolutionGuid = {9D9DF7AC-8989-4722-BBE9-A02EE2D05FB1}
	EndGlobalSection
EndGlobal
